
Microsoft Visual Studio Solution File, Format Version 12.00
# Visual Studio Version 17
VisualStudioVersion = 17.9.34728.123
MinimumVisualStudioVersion = 10.0.40219.1
Project("{FAE04EC0-301F-11D3-BF4B-00C04F79EFBC}") = "IssueTracker.Api", "IssueTracker.Api\IssueTracker.Api.csproj", "{D77178D9-94AA-4199-A17B-D38FAABF07FE}"
EndProject
Project("{FAE04EC0-301F-11D3-BF4B-00C04F79EFBC}") = "IssueTracker.ContractTests", "IssueTracker.ContractTests\IssueTracker.ContractTests.csproj", "{D11614E3-1E35-4418-93DF-1BA29129E6EE}"
EndProject
Global
	GlobalSection(SolutionConfigurationPlatforms) = preSolution
		Debug|Any CPU = Debug|Any CPU
		Release|Any CPU = Release|Any CPU
	EndGlobalSection
	GlobalSection(ProjectConfigurationPlatforms) = postSolution
		{D77178D9-94AA-4199-A17B-D38FAABF07FE}.Debug|Any CPU.ActiveCfg = Debug|Any CPU
		{D77178D9-94AA-4199-A17B-D38FAABF07FE}.Debug|Any CPU.Build.0 = Debug|Any CPU
		{D77178D9-94AA-4199-A17B-D38FAABF07FE}.Release|Any CPU.ActiveCfg = Release|Any CPU
		{D77178D9-94AA-4199-A17B-D38FAABF07FE}.Release|Any CPU.Build.0 = Release|Any CPU
		{D11614E3-1E35-4418-93DF-1BA29129E6EE}.Debug|Any CPU.ActiveCfg = Debug|Any CPU
		{D11614E3-1E35-4418-93DF-1BA29129E6EE}.Debug|Any CPU.Build.0 = Debug|Any CPU
		{D11614E3-1E35-4418-93DF-1BA29129E6EE}.Release|Any CPU.ActiveCfg = Release|Any CPU
		{D11614E3-1E35-4418-93DF-1BA29129E6EE}.Release|Any CPU.Build.0 = Release|Any CPU
	EndGlobalSection
	GlobalSection(SolutionProperties) = preSolution
		HideSolutionNode = FALSE
	EndGlobalSection
	GlobalSection(ExtensibilityGlobals) = postSolution
		SolutionGuid = {72C633CA-3933-4CE2-BC19-5639F0195319}
	EndGlobalSection
EndGlobal
